
Microsoft Visual Studio Solution File, Format Version 12.00
# Visual Studio Version 16
VisualStudioVersion = 16.0.28803.156
MinimumVisualStudioVersion = 10.0.40219.1
Project("{FAE04EC0-301F-11D3-BF4B-00C04F79EFBC}") = "UnitTest", "UnitTest\UnitTest.csproj", "{FFC41292-1D26-43EA-BCB7-A45C65D53FB1}"
EndProject
Project("{FAE04EC0-301F-11D3-BF4B-00C04F79EFBC}") = "UnitTest.Tests", "UnitTest.Tests\UnitTest.Tests.csproj", "{689575DE-0D76-4B42-A8C2-EE0ABDE8CEF6}"
EndProject
Global
	GlobalSection(SolutionConfigurationPlatforms) = preSolution
		Debug|Any CPU = Debug|Any CPU
		Release|Any CPU = Release|Any CPU
	EndGlobalSection
	GlobalSection(ProjectConfigurationPlatforms) = postSolution
		{FFC41292-1D26-43EA-BCB7-A45C65D53FB1}.Debug|Any CPU.ActiveCfg = Debug|Any CPU
		{FFC41292-1D26-43EA-BCB7-A45C65D53FB1}.Debug|Any CPU.Build.0 = Debug|Any CPU
		{FFC41292-1D26-43EA-BCB7-A45C65D53FB1}.Release|Any CPU.ActiveCfg = Release|Any CPU
		{FFC41292-1D26-43EA-BCB7-A45C65D53FB1}.Release|Any CPU.Build.0 = Release|Any CPU
		{689575DE-0D76-4B42-A8C2-EE0ABDE8CEF6}.Debug|Any CPU.ActiveCfg = Debug|Any CPU
		{689575DE-0D76-4B42-A8C2-EE0ABDE8CEF6}.Debug|Any CPU.Build.0 = Debug|Any CPU
		{689575DE-0D76-4B42-A8C2-EE0ABDE8CEF6}.Release|Any CPU.ActiveCfg = Release|Any CPU
		{689575DE-0D76-4B42-A8C2-EE0ABDE8CEF6}.Release|Any CPU.Build.0 = Release|Any CPU
	EndGlobalSection
	GlobalSection(SolutionProperties) = preSolution
		HideSolutionNode = FALSE
	EndGlobalSection
	GlobalSection(ExtensibilityGlobals) = postSolution
		SolutionGuid = {7CE5765A-4143-4676-A867-E5CC52625FD7}
	EndGlobalSection
EndGlobal
